
Microsoft Visual Studio Solution File, Format Version 12.00
# Visual Studio Version 16
VisualStudioVersion = 16.0.31205.134
MinimumVisualStudioVersion = 10.0.40219.1
Project("{9A19103F-16F7-4668-BE54-9A1E7A4F7556}") = "SPS.UI", "SPS.UI.csproj", "{0D64DCF7-0150-4903-895F-3C01CEDF0F6A}"
EndProject
Project("{FAE04EC0-301F-11D3-BF4B-00C04F79EFBC}") = "SPS.BLL", "..\SPS.BLL\SPS.BLL.csproj", "{8667D106-F90F-43E7-8E0C-DDA3BFBDA596}"
EndProject
Project("{FAE04EC0-301F-11D3-BF4B-00C04F79EFBC}") = "SPS.Common", "..\SPS.Common\SPS.Common.csproj", "{9C36B81A-B813-453D-A789-F2F900A4B0DF}"
EndProject
Project("{FAE04EC0-301F-11D3-BF4B-00C04F79EFBC}") = "SPS.IDLL", "..\SPS.IDLL\SPS.IDLL.csproj", "{1B8CA342-09E7-47BE-ADF5-7609178B3C5A}"
EndProject
Project("{FAE04EC0-301F-11D3-BF4B-00C04F79EFBC}") = "SPS.DLL", "..\SPS.DLL\SPS.DLL.csproj", "{DAD2D942-CA2F-4D19-9D44-779859593115}"
EndProject
Global
	GlobalSection(SolutionConfigurationPlatforms) = preSolution
		Debug|Any CPU = Debug|Any CPU
		Release|Any CPU = Release|Any CPU
	EndGlobalSection
	GlobalSection(ProjectConfigurationPlatforms) = postSolution
		{0D64DCF7-0150-4903-895F-3C01CEDF0F6A}.Debug|Any CPU.ActiveCfg = Debug|Any CPU
		{0D64DCF7-0150-4903-895F-3C01CEDF0F6A}.Debug|Any CPU.Build.0 = Debug|Any CPU
		{0D64DCF7-0150-4903-895F-3C01CEDF0F6A}.Release|Any CPU.ActiveCfg = Release|Any CPU
		{0D64DCF7-0150-4903-895F-3C01CEDF0F6A}.Release|Any CPU.Build.0 = Release|Any CPU
		{8667D106-F90F-43E7-8E0C-DDA3BFBDA596}.Debug|Any CPU.ActiveCfg = Debug|Any CPU
		{8667D106-F90F-43E7-8E0C-DDA3BFBDA596}.Debug|Any CPU.Build.0 = Debug|Any CPU
		{8667D106-F90F-43E7-8E0C-DDA3BFBDA596}.Release|Any CPU.ActiveCfg = Release|Any CPU
		{8667D106-F90F-43E7-8E0C-DDA3BFBDA596}.Release|Any CPU.Build.0 = Release|Any CPU
		{9C36B81A-B813-453D-A789-F2F900A4B0DF}.Debug|Any CPU.ActiveCfg = Debug|Any CPU
		{9C36B81A-B813-453D-A789-F2F900A4B0DF}.Debug|Any CPU.Build.0 = Debug|Any CPU
		{9C36B81A-B813-453D-A789-F2F900A4B0DF}.Release|Any CPU.ActiveCfg = Release|Any CPU
		{9C36B81A-B813-453D-A789-F2F900A4B0DF}.Release|Any CPU.Build.0 = Release|Any CPU
		{1B8CA342-09E7-47BE-ADF5-7609178B3C5A}.Debug|Any CPU.ActiveCfg = Debug|Any CPU
		{1B8CA342-09E7-47BE-ADF5-7609178B3C5A}.Debug|Any CPU.Build.0 = Debug|Any CPU
		{1B8CA342-09E7-47BE-ADF5-7609178B3C5A}.Release|Any CPU.ActiveCfg = Release|Any CPU
		{1B8CA342-09E7-47BE-ADF5-7609178B3C5A}.Release|Any CPU.Build.0 = Release|Any CPU
		{DAD2D942-CA2F-4D19-9D44-779859593115}.Debug|Any CPU.ActiveCfg = Debug|Any CPU
		{DAD2D942-CA2F-4D19-9D44-779859593115}.Debug|Any CPU.Build.0 = Debug|Any CPU
		{DAD2D942-CA2F-4D19-9D44-779859593115}.Release|Any CPU.ActiveCfg = Release|Any CPU
		{DAD2D942-CA2F-4D19-9D44-779859593115}.Release|Any CPU.Build.0 = Release|Any CPU
	EndGlobalSection
	GlobalSection(SolutionProperties) = preSolution
		HideSolutionNode = FALSE
	EndGlobalSection
	GlobalSection(ExtensibilityGlobals) = postSolution
		SolutionGuid = {E62245D4-A9A9-4163-BCE0-62D89E86AA65}
	EndGlobalSection
EndGlobal
